
Microsoft Visual Studio Solution File, Format Version 12.00
# Visual Studio 15
VisualStudioVersion = 15.0.27004.2005
MinimumVisualStudioVersion = 10.0.40219.1
Project("{FAE04EC0-301F-11D3-BF4B-00C04F79EFBC}") = "PruebasGmailAPi", "PruebasGmailAPi\PruebasGmailAPi.csproj", "{380961EB-C2EA-4334-A315-4D2F34A60140}"
EndProject
Project("{FAE04EC0-301F-11D3-BF4B-00C04F79EFBC}") = "ConsoleApp1", "ConsoleApp1\ConsoleApp1.csproj", "{AB2960E5-1EB6-4EF8-A828-EF6A994B7BA1}"
EndProject
Global
	GlobalSection(SolutionConfigurationPlatforms) = preSolution
		Debug|Any CPU = Debug|Any CPU
		Release|Any CPU = Release|Any CPU
	EndGlobalSection
	GlobalSection(ProjectConfigurationPlatforms) = postSolution
		{380961EB-C2EA-4334-A315-4D2F34A60140}.Debug|Any CPU.ActiveCfg = Debug|Any CPU
		{380961EB-C2EA-4334-A315-4D2F34A60140}.Debug|Any CPU.Build.0 = Debug|Any CPU
		{380961EB-C2EA-4334-A315-4D2F34A60140}.Release|Any CPU.ActiveCfg = Release|Any CPU
		{380961EB-C2EA-4334-A315-4D2F34A60140}.Release|Any CPU.Build.0 = Release|Any CPU
		{AB2960E5-1EB6-4EF8-A828-EF6A994B7BA1}.Debug|Any CPU.ActiveCfg = Debug|Any CPU
		{AB2960E5-1EB6-4EF8-A828-EF6A994B7BA1}.Debug|Any CPU.Build.0 = Debug|Any CPU
		{AB2960E5-1EB6-4EF8-A828-EF6A994B7BA1}.Release|Any CPU.ActiveCfg = Release|Any CPU
		{AB2960E5-1EB6-4EF8-A828-EF6A994B7BA1}.Release|Any CPU.Build.0 = Release|Any CPU
	EndGlobalSection
	GlobalSection(SolutionProperties) = preSolution
		HideSolutionNode = FALSE
	EndGlobalSection
	GlobalSection(ExtensibilityGlobals) = postSolution
		SolutionGuid = {814893BC-1C20-4B08-9AAF-9F98D7792B40}
	EndGlobalSection
EndGlobal
